<?xml version="1.0" encoding="utf-8"?>
<Project ToolsVersion="4.0" xmlns="http://schemas.microsoft.com/developer/msbuild/2003">
  <ItemGroup>
    <Filter Include="Doc">
      <UniqueIdentifier>{5cc97c4f-f830-4aa5-8890-427d030b862b}</UniqueIdentifier>
    </Filter>
    <Filter Include="Command">
      <UniqueIdentifier>{e2b59b64-0736-4869-bd65-6179b676c127}</UniqueIdentifier>
    </Filter>
    <Filter Include="Map">
      <UniqueIdentifier>{f2cea3dd-c14f-452b-b282-11ed786208cb}</UniqueIdentifier>
    </Filter>
    <Filter Include="MUID">
      <UniqueIdentifier>{3f09a316-beba-45b0-95fa-d238b58d5303}</UniqueIdentifier>
    </Filter>
    <Filter Include="Object">
      <UniqueIdentifier>{d1947334-e369-40f4-8cd3-83be02ca9592}</UniqueIdentifier>
    </Filter>
    <Filter Include="SharedCommand">
      <UniqueIdentifier>{0fe75960-ae0a-4fc6-b5e6-ed1c476d3325}</UniqueIdentifier>
    </Filter>
    <Filter Include="Master">
      <UniqueIdentifier>{4949745b-c812-43d2-8881-b48b6c7cd8b3}</UniqueIdentifier>
    </Filter>
    <Filter Include="Client">
      <UniqueIdentifier>{0267147d-505c-4c8e-a818-8623f0d7d65a}</UniqueIdentifier>
    </Filter>
    <Filter Include="Server">
      <UniqueIdentifier>{3b0aec77-a312-4893-a4de-85330be2393c}</UniqueIdentifier>
    </Filter>
    <Filter Include="IOCPNet">
      <UniqueIdentifier>{fe2de1aa-f618-4cdb-9bbe-dd9ede2c03e9}</UniqueIdentifier>
    </Filter>
    <Filter Include="Packet">
      <UniqueIdentifier>{7785b583-12a9-4cda-88ff-67eaaf8202b3}</UniqueIdentifier>
    </Filter>
    <Filter Include="MatchServer">
      <UniqueIdentifier>{2e80131f-d726-46b1-a6ec-4b3bfc3b78ac}</UniqueIdentifier>
    </Filter>
    <Filter Include="MatchServer\Ladder">
      <UniqueIdentifier>{ced4be4c-6f9e-455d-b38a-d40eac2780ac}</UniqueIdentifier>
    </Filter>
    <Filter Include="MatchServer\Game">
      <UniqueIdentifier>{5e45452b-5cff-4236-9d3d-bcacc950fa8b}</UniqueIdentifier>
    </Filter>
    <Filter Include="MatchServer\Game\Quest">
      <UniqueIdentifier>{97c2e19d-7471-4c11-973b-662cbd909902}</UniqueIdentifier>
    </Filter>
    <Filter Include="MatchServer\Game\Quest\Base">
      <UniqueIdentifier>{ebcda4b9-5d02-4828-842a-1e9b43890227}</UniqueIdentifier>
    </Filter>
    <Filter Include="MatchServer\Game\GameType">
      <UniqueIdentifier>{0a1731fd-9f0a-473e-a5ae-d8029c74d1f0}</UniqueIdentifier>
    </Filter>
    <Filter Include="MatchServer\Game\GameType\QuestGameType">
      <UniqueIdentifier>{e283c4f1-83ed-4595-8d9e-254efe66d6fc}</UniqueIdentifier>
    </Filter>
    <Filter Include="MatchServer\Game\Duel Tournament">
      <UniqueIdentifier>{bdae7e0f-fc81-404c-ac79-8bf8c596d4b4}</UniqueIdentifier>
    </Filter>
    <Filter Include="MatchServer\Game\Duel Tournament\GameManager">
      <UniqueIdentifier>{d537fae2-02d3-45da-976e-4a611574a943}</UniqueIdentifier>
    </Filter>
    <Filter Include="MatchServer\Game\Duel Tournament\GameManager\MatchMaker">
      <UniqueIdentifier>{791df610-f1b8-4ddb-a2dd-01954b47553c}</UniqueIdentifier>
    </Filter>
    <Filter Include="MatchServer\Game\Duel Tournament\GameManager\TimeChecker">
      <UniqueIdentifier>{57268b22-a846-4bfd-b214-f4d589fa3517}</UniqueIdentifier>
    </Filter>
    <Filter Include="MatchServer\Game\Duel Tournament\GameRule">
      <UniqueIdentifier>{dc42cd7f-475e-4df4-8b92-b7ba16501860}</UniqueIdentifier>
    </Filter>
    <Filter Include="MatchServer\Game\Duel Tournament\GameRule\Formula">
      <UniqueIdentifier>{c6c61a1b-7b40-436c-bab1-f1e76fad05eb}</UniqueIdentifier>
    </Filter>
    <Filter Include="MatchServer\Object">
      <UniqueIdentifier>{2eecddd8-e749-4504-91a9-9d2e10259210}</UniqueIdentifier>
    </Filter>
    <Filter Include="MatchServer\Object\Item">
      <UniqueIdentifier>{0532cd7e-d9ae-47b8-87f5-11b112159d23}</UniqueIdentifier>
    </Filter>
    <Filter Include="MatchServer\Object\Item\GambleItem">
      <UniqueIdentifier>{56174bc2-ceb0-4fdf-adab-41938e780070}</UniqueIdentifier>
    </Filter>
    <Filter Include="MatchServer\Object\Item\QuestItem">
      <UniqueIdentifier>{2939ecc0-ff17-4b54-add4-8e1c4488eb43}</UniqueIdentifier>
    </Filter>
    <Filter Include="MatchServer\Object\Item\Buff">
      <UniqueIdentifier>{3509ead0-6b63-4672-91ee-62dce0e13684}</UniqueIdentifier>
    </Filter>
    <Filter Include="MatchServer\Object\PenaltyInfo">
      <UniqueIdentifier>{066c36af-f734-4d69-b77c-12b1a7bfa6b1}</UniqueIdentifier>
    </Filter>
    <Filter Include="MatchServer\Object\BattleTimeReward">
      <UniqueIdentifier>{f1e3ef0d-8c16-4704-9831-b3f1826d2ced}</UniqueIdentifier>
    </Filter>
    <Filter Include="MatchServer\DB">
      <UniqueIdentifier>{5d14a306-ef7e-43df-8dcd-61efe658cf25}</UniqueIdentifier>
    </Filter>
    <Filter Include="MatchServer\DB\Filter">
      <UniqueIdentifier>{18256133-fea6-4ea2-b7b1-1d679aea30d8}</UniqueIdentifier>
    </Filter>
    <Filter Include="MatchServer\Server">
      <UniqueIdentifier>{9125fbbe-70e9-4e83-9ba9-68b045a64e5d}</UniqueIdentifier>
    </Filter>
    <Filter Include="MatchServer\MMatchServer">
      <UniqueIdentifier>{e9107dc2-63db-49df-859f-785b0f36f4dc}</UniqueIdentifier>
    </Filter>
    <Filter Include="MatchServer\Event">
      <UniqueIdentifier>{3f32b441-7208-4feb-9cdd-1d05e0b88e03}</UniqueIdentifier>
    </Filter>
    <Filter Include="MatchServer\MMatchConfig">
      <UniqueIdentifier>{144c3d43-237d-4ea3-9062-4956571fd7f1}</UniqueIdentifier>
    </Filter>
    <Filter Include="MatchServer\AsyncProxy">
      <UniqueIdentifier>{e31e1a65-2a96-494a-9f3a-d92ed2d382c4}</UniqueIdentifier>
    </Filter>
    <Filter Include="CommandCommunicator">
      <UniqueIdentifier>{937c7a41-adfb-4dc2-a334-e4e32e0ee3c1}</UniqueIdentifier>
    </Filter>
    <Filter Include="Util">
      <UniqueIdentifier>{33ec79d2-b3f0-482d-92ab-9d30271dcaed}</UniqueIdentifier>
    </Filter>
    <Filter Include="Locate">
      <UniqueIdentifier>{c4058d4a-8882-4e0f-a0d0-dd90a97a99c2}</UniqueIdentifier>
    </Filter>
    <Filter Include="StringRes">
      <UniqueIdentifier>{057db77e-a374-46c8-82a2-240b18119180}</UniqueIdentifier>
    </Filter>
    <Filter Include="HShield">
      <UniqueIdentifier>{7aea00f0-49c4-47cf-95fb-e779c660796c}</UniqueIdentifier>
    </Filter>
    <Filter Include="Security">
      <UniqueIdentifier>{3e5602eb-1b15-4756-86f8-ef19904a337f}</UniqueIdentifier>
    </Filter>
    <Filter Include="Security\Test">
      <UniqueIdentifier>{3b2ad25d-0caa-47cf-884a-7c8e8d812d64}</UniqueIdentifier>
    </Filter>
  </ItemGroup>
  <ItemGroup>
    <None Include="Doxyfile">
      <Filter>Doc</Filter>
    </None>
    <None Include="doxygen.css">
      <Filter>Doc</Filter>
    </None>
    <None Include="footer.html">
      <Filter>Doc</Filter>
    </None>
  </ItemGroup>
  <ItemGroup>
    <ClInclude Include="Include\IndexPage.h">
      <Filter>Doc</Filter>
    </ClInclude>
    <ClInclude Include="Include\MCommand.h">
      <Filter>Command</Filter>
    </ClInclude>
    <ClInclude Include="Include\MCommandBuilder.h">
      <Filter>Command</Filter>
    </ClInclude>
    <ClInclude Include="Include\MCommandManager.h">
      <Filter>Command</Filter>
    </ClInclude>
    <ClInclude Include="Include\MCommandParameter.h">
      <Filter>Command</Filter>
    </ClInclude>
    <ClInclude Include="Include\MCommandProfiler.h">
      <Filter>Command</Filter>
    </ClInclude>
    <ClInclude Include="Include\MGridMap.h">
      <Filter>Map</Filter>
    </ClInclude>
    <ClInclude Include="Include\MUID.h">
      <Filter>MUID</Filter>
    </ClInclude>
    <ClInclude Include="Include\MObject.h">
      <Filter>Object</Filter>
    </ClInclude>
    <ClInclude Include="Include\MObjectTypes.h">
      <Filter>Object</Filter>
    </ClInclude>
    <ClInclude Include="Include\MSharedCommandTable.h">
      <Filter>SharedCommand</Filter>
    </ClInclude>
    <ClInclude Include="Include\MMaster.h">
      <Filter>Master</Filter>
    </ClInclude>
    <ClInclude Include="Include\MChattingFilter.h">
      <Filter>Client</Filter>
    </ClInclude>
    <ClInclude Include="Include\MClient.h">
      <Filter>Client</Filter>
    </ClInclude>
    <ClInclude Include="Include\MCustomClient.h">
      <Filter>Client</Filter>
    </ClInclude>
    <ClInclude Include="Include\MMatchClient.h">
      <Filter>Client</Filter>
    </ClInclude>
    <ClInclude Include="Include\MTCPSocket.h">
      <Filter>Client</Filter>
    </ClInclude>
    <ClInclude Include="Include\MServer.h">
      <Filter>Server</Filter>
    </ClInclude>
    <ClInclude Include="Include\RealCPNet.h">
      <Filter>IOCPNet</Filter>
    </ClInclude>
    <ClInclude Include="Include\MPacket.h">
      <Filter>Packet</Filter>
    </ClInclude>
    <ClInclude Include="Include\MPacketCrypter.h">
      <Filter>Packet</Filter>
    </ClInclude>
    <ClInclude Include="Include\MPacketHShieldCrypter.h">
      <Filter>Packet</Filter>
    </ClInclude>
    <ClInclude Include="Include\Msg.h">
      <Filter>Packet</Filter>
    </ClInclude>
    <ClInclude Include="Include\MLadderGroup.h">
      <Filter>MatchServer\Ladder</Filter>
    </ClInclude>
    <ClInclude Include="Include\MLadderMgr.h">
      <Filter>MatchServer\Ladder</Filter>
    </ClInclude>
    <ClInclude Include="Include\MLadderPicker.h">
      <Filter>MatchServer\Ladder</Filter>
    </ClInclude>
    <ClInclude Include="Include\MLadderStatistics.h">
      <Filter>MatchServer\Ladder</Filter>
    </ClInclude>
    <ClInclude Include="Include\MTeamGameStrategy.h">
      <Filter>MatchServer\Ladder</Filter>
    </ClInclude>
    <ClInclude Include="Include\MBaseChannelRule.h">
      <Filter>MatchServer\Game</Filter>
    </ClInclude>
    <ClInclude Include="Include\MMatchActiveTrapMgr.h">
      <Filter>MatchServer\Game</Filter>
    </ClInclude>
    <ClInclude Include="Include\MMatchChannelRule.h">
      <Filter>MatchServer\Game</Filter>
    </ClInclude>
    <ClInclude Include="Include\MMatchFormula.h">
      <Filter>MatchServer\Game</Filter>
    </ClInclude>
    <ClInclude Include="Include\MMatchMap.h">
      <Filter>MatchServer\Game</Filter>
    </ClInclude>
    <ClInclude Include="Include\MMatchStage.h">
      <Filter>MatchServer\Game</Filter>
    </ClInclude>
    <ClInclude Include="Include\MMatchStageSetting.h">
      <Filter>MatchServer\Game</Filter>
    </ClInclude>
    <ClInclude Include="Include\MMatchWorldItem.h">
      <Filter>MatchServer\Game</Filter>
    </ClInclude>
    <ClInclude Include="Include\MMatchWorldItemDesc.h">
      <Filter>MatchServer\Game</Filter>
    </ClInclude>
    <ClInclude Include="Include\MMatchNPCObject.h">
      <Filter>MatchServer\Game\Quest</Filter>
    </ClInclude>
    <ClInclude Include="Include\MMatchQuest.h">
      <Filter>MatchServer\Game\Quest</Filter>
    </ClInclude>
    <ClInclude Include="Include\MMatchQuestGameLog.h">
      <Filter>MatchServer\Game\Quest</Filter>
    </ClInclude>
    <ClInclude Include="Include\MMatchQuestMonsterGroup.h">
      <Filter>MatchServer\Game\Quest</Filter>
    </ClInclude>
    <ClInclude Include="Include\MMatchQuestRound.h">
      <Filter>MatchServer\Game\Quest</Filter>
    </ClInclude>
    <ClInclude Include="Include\MMatchSurvivalGameLog.h">
      <Filter>MatchServer\Game\Quest</Filter>
    </ClInclude>
    <ClInclude Include="Include\MQuestDropTable.h">
      <Filter>MatchServer\Game\Quest</Filter>
    </ClInclude>
    <ClInclude Include="Include\MQuestFormula.h">
      <Filter>MatchServer\Game\Quest</Filter>
    </ClInclude>
    <ClInclude Include="Include\MQuestItem.h">
      <Filter>MatchServer\Game\Quest</Filter>
    </ClInclude>
    <ClInclude Include="Include\MQuestLevel.h">
      <Filter>MatchServer\Game\Quest</Filter>
    </ClInclude>
    <ClInclude Include="Include\MQuestLevelGenerator.h">
      <Filter>MatchServer\Game\Quest</Filter>
    </ClInclude>
    <ClInclude Include="Include\MQuestNPCSpawnTrigger.h">
      <Filter>MatchServer\Game\Quest</Filter>
    </ClInclude>
    <ClInclude Include="Include\MQuestPlayer.h">
      <Filter>MatchServer\Game\Quest</Filter>
    </ClInclude>
    <ClInclude Include="Include\MSacrificeQItemTable.h">
      <Filter>MatchServer\Game\Quest</Filter>
    </ClInclude>
    <ClInclude Include="Include\MSurvivalRankInfo.h">
      <Filter>MatchServer\Game\Quest</Filter>
    </ClInclude>
    <ClInclude Include="Include\MBaseQuest.h">
      <Filter>MatchServer\Game\Quest\Base</Filter>
    </ClInclude>
    <ClInclude Include="Include\MQuestConst.h">
      <Filter>MatchServer\Game\Quest\Base</Filter>
    </ClInclude>
    <ClInclude Include="Include\MQuestMap.h">
      <Filter>MatchServer\Game\Quest\Base</Filter>
    </ClInclude>
    <ClInclude Include="Include\MQuestNPC.h">
      <Filter>MatchServer\Game\Quest\Base</Filter>
    </ClInclude>
    <ClInclude Include="Include\MQuestScenario.h">
      <Filter>MatchServer\Game\Quest\Base</Filter>
    </ClInclude>
    <ClInclude Include="Include\MSurvivalMap.h">
      <Filter>MatchServer\Game\Quest\Base</Filter>
    </ClInclude>
    <ClInclude Include="Include\MBaseGameType.h">
      <Filter>MatchServer\Game\GameType</Filter>
    </ClInclude>
    <ClInclude Include="Include\MMatchGameType.h">
      <Filter>MatchServer\Game\GameType</Filter>
    </ClInclude>
    <ClInclude Include="Include\MMatchRule.h">
      <Filter>MatchServer\Game\GameType</Filter>
    </ClInclude>
    <ClInclude Include="Include\MMatchRuleAssassinate.h">
      <Filter>MatchServer\Game\GameType</Filter>
    </ClInclude>
    <ClInclude Include="Include\MMatchRuleBerserker.h">
      <Filter>MatchServer\Game\GameType</Filter>
    </ClInclude>
    <ClInclude Include="Include\MMatchRuleDeathMatch.h">
      <Filter>MatchServer\Game\GameType</Filter>
    </ClInclude>
    <ClInclude Include="Include\MMatchRuleDuel.h">
      <Filter>MatchServer\Game\GameType</Filter>
    </ClInclude>
    <ClInclude Include="Include\MMatchRuleGladiator.h">
      <Filter>MatchServer\Game\GameType</Filter>
    </ClInclude>
    <ClInclude Include="Include\MMatchRuleTraining.h">
      <Filter>MatchServer\Game\GameType</Filter>
    </ClInclude>
    <ClInclude Include="Include\MMatchRuleBaseQuest.h">
      <Filter>MatchServer\Game\GameType\QuestGameType</Filter>
    </ClInclude>
    <ClInclude Include="Include\MMatchRuleQuest.h">
      <Filter>MatchServer\Game\GameType\QuestGameType</Filter>
    </ClInclude>
    <ClInclude Include="Include\MMatchRuleSurvival.h">
      <Filter>MatchServer\Game\GameType\QuestGameType</Filter>
    </ClInclude>
    <ClInclude Include="Include\MMatchDuelTournamentMgr.h">
      <Filter>MatchServer\Game\Duel Tournament\GameManager</Filter>
    </ClInclude>
    <ClInclude Include="Include\MDuelTournamentGroup.h">
      <Filter>MatchServer\Game\Duel Tournament\GameManager\MatchMaker</Filter>
    </ClInclude>
    <ClInclude Include="Include\MDuelTournamentMatchMaker.h">
      <Filter>MatchServer\Game\Duel Tournament\GameManager\MatchMaker</Filter>
    </ClInclude>
    <ClInclude Include="Include\MDuelTournamentTicket.h">
      <Filter>MatchServer\Game\Duel Tournament\GameManager\MatchMaker</Filter>
    </ClInclude>
    <ClInclude Include="Include\MDuelTournamentTicketPicker.h">
      <Filter>MatchServer\Game\Duel Tournament\GameManager\MatchMaker</Filter>
    </ClInclude>
    <ClInclude Include="Include\MDuelTournamentTimeChecker.h">
      <Filter>MatchServer\Game\Duel Tournament\GameManager\TimeChecker</Filter>
    </ClInclude>
    <ClInclude Include="Include\MMatchRuleDuelTournament.h">
      <Filter>MatchServer\Game\Duel Tournament\GameRule</Filter>
    </ClInclude>
    <ClInclude Include="Include\MDuelTournamentFormula.h">
      <Filter>MatchServer\Game\Duel Tournament\GameRule\Formula</Filter>
    </ClInclude>
    <ClInclude Include="Include\MAgentObject.h">
      <Filter>MatchServer\Object</Filter>
    </ClInclude>
    <ClInclude Include="Include\MMatchAntiHack.h">
      <Filter>MatchServer\Object</Filter>
    </ClInclude>
    <ClInclude Include="Include\MMatchAuth.h">
      <Filter>MatchServer\Object</Filter>
    </ClInclude>
    <ClInclude Include="Include\MMatchHShield.h">
      <Filter>MatchServer\Object</Filter>
    </ClInclude>
    <ClInclude Include="Include\MMatchObjCache.h">
      <Filter>MatchServer\Object</Filter>
    </ClInclude>
    <ClInclude Include="Include\MMatchObject.h">
      <Filter>MatchServer\Object</Filter>
    </ClInclude>
    <ClInclude Include="Include\MMatchObjectCharBuffInfo.h">
      <Filter>MatchServer\Object</Filter>
    </ClInclude>
    <ClInclude Include="MMatchObjectCommandHistory.h">
      <Filter>MatchServer\Object</Filter>
    </ClInclude>
    <ClInclude Include="Include\MBaseItem.h">
      <Filter>MatchServer\Object\Item</Filter>
    </ClInclude>
    <ClInclude Include="Include\MMatchItem.h">
      <Filter>MatchServer\Object\Item</Filter>
    </ClInclude>
    <ClInclude Include="Include\MMatchItemFunction.h">
      <Filter>MatchServer\Object\Item</Filter>
    </ClInclude>
    <ClInclude Include="Include\MMatchBaseGambleItem.h">
      <Filter>MatchServer\Object\Item\GambleItem</Filter>
    </ClInclude>
    <ClInclude Include="Include\MMatchDBBaseGambleItem.h">
      <Filter>MatchServer\Object\Item\GambleItem</Filter>
    </ClInclude>
    <ClInclude Include="Include\MMatchDBGambleItem.h">
      <Filter>MatchServer\Object\Item\GambleItem</Filter>
    </ClInclude>
    <ClInclude Include="Include\MMatchGambleItem.h">
      <Filter>MatchServer\Object\Item\GambleItem</Filter>
    </ClInclude>
    <ClInclude Include="Include\MMatchGambleMachine.h">
      <Filter>MatchServer\Object\Item\GambleItem</Filter>
    </ClInclude>
    <ClInclude Include="Include\MMatchBuff.h">
      <Filter>MatchServer\Object\Item\Buff</Filter>
    </ClInclude>
    <ClInclude Include="Include\MMatchBuffSummary.h">
      <Filter>MatchServer\Object\Item\Buff</Filter>
    </ClInclude>
    <ClInclude Include="Include\MMatchAccountPenaltyInfo.h">
      <Filter>MatchServer\Object\PenaltyInfo</Filter>
    </ClInclude>
    <ClInclude Include="Include\MMatchBRMachine.h">
      <Filter>MatchServer\Object\BattleTimeReward</Filter>
    </ClInclude>
    <ClInclude Include="Include\MMatchCharBRInfo.h">
      <Filter>MatchServer\Object\BattleTimeReward</Filter>
    </ClInclude>
    <ClInclude Include="Include\MMatchDBMgr.h">
      <Filter>MatchServer\DB</Filter>
    </ClInclude>
    <ClInclude Include="Include\MMatchDBFilter.h">
      <Filter>MatchServer\DB\Filter</Filter>
    </ClInclude>
    <ClInclude Include="Include\MMatchAdmin.h">
      <Filter>MatchServer\Server</Filter>
    </ClInclude>
    <ClInclude Include="Include\MMatchChannel.h">
      <Filter>MatchServer\Server</Filter>
    </ClInclude>
    <ClInclude Include="Include\MMatchChatRoom.h">
      <Filter>MatchServer\Server</Filter>
    </ClInclude>
    <ClInclude Include="Include\MMatchCheckLoopTime.h">
      <Filter>MatchServer\Server</Filter>
    </ClInclude>
    <ClInclude Include="Include\MMatchClan.h">
      <Filter>MatchServer\Server</Filter>
    </ClInclude>
    <ClInclude Include="Include\MMatchFriendInfo.h">
      <Filter>MatchServer\Server</Filter>
    </ClInclude>
    <ClInclude Include="Include\MMatchGlobal.h">
      <Filter>MatchServer\Server</Filter>
    </ClInclude>
    <ClInclude Include="Include\MMatchNotify.h">
      <Filter>MatchServer\Server</Filter>
    </ClInclude>
    <ClInclude Include="Include\MMatchPremiumIPCache.h">
      <Filter>MatchServer\Server</Filter>
    </ClInclude>
    <ClInclude Include="Include\MMatchSchedule.h">
      <Filter>MatchServer\Server</Filter>
    </ClInclude>
    <ClInclude Include="Include\MMatchShop.h">
      <Filter>MatchServer\Server</Filter>
    </ClInclude>
    <ClInclude Include="Include\MMatchShutdown.h">
      <Filter>MatchServer\Server</Filter>
    </ClInclude>
    <ClInclude Include="Include\MMatchStatus.h">
      <Filter>MatchServer\Server</Filter>
    </ClInclude>
    <ClInclude Include="Include\MMatchTransDataType.h">
      <Filter>MatchServer\Server</Filter>
    </ClInclude>
    <ClInclude Include="Include\MMatchTypes.h">
      <Filter>MatchServer\Server</Filter>
    </ClInclude>
    <ClInclude Include="Include\MMatchUtil.h">
      <Filter>MatchServer\Server</Filter>
    </ClInclude>
    <ClInclude Include="Include\MSmartRefreshImpl.h">
      <Filter>MatchServer\Server</Filter>
    </ClInclude>
    <ClInclude Include="Include\MVoteDiscussImpl.h">
      <Filter>MatchServer\Server</Filter>
    </ClInclude>
    <ClInclude Include="Include\MVoteMgr.h">
      <Filter>MatchServer\Server</Filter>
    </ClInclude>
    <ClInclude Include="Include\MMatchServer.h">
      <Filter>MatchServer\MMatchServer</Filter>
    </ClInclude>
    <ClInclude Include="Include\MMatchEvent.h">
      <Filter>MatchServer\Event</Filter>
    </ClInclude>
    <ClInclude Include="Include\MMatchEventFactory.h">
      <Filter>MatchServer\Event</Filter>
    </ClInclude>
    <ClInclude Include="Include\MMatchEventManager.h">
      <Filter>MatchServer\Event</Filter>
    </ClInclude>
    <ClInclude Include="Include\MMatchConfig.h">
      <Filter>MatchServer\MMatchConfig</Filter>
    </ClInclude>
    <ClInclude Include="MMatchKillTrackerConfig.h">
      <Filter>MatchServer\MMatchConfig</Filter>
    </ClInclude>
    <ClInclude Include="Include\MAsyncDBJob.h">
      <Filter>MatchServer\AsyncProxy</Filter>
    </ClInclude>
    <ClInclude Include="Include\MAsyncDBJob_BuyQuestItem.h">
      <Filter>MatchServer\AsyncProxy</Filter>
    </ClInclude>
    <ClInclude Include="Include\MAsyncDBJob_CharFinalize.h">
      <Filter>MatchServer\AsyncProxy</Filter>
    </ClInclude>
    <ClInclude Include="Include\MAsyncDBJob_CountryFilter.h">
      <Filter>MatchServer\AsyncProxy</Filter>
    </ClInclude>
    <ClInclude Include="Include\MAsyncDBJob_DuelTournament.h">
      <Filter>MatchServer\AsyncProxy</Filter>
    </ClInclude>
    <ClInclude Include="Include\MAsyncDBJob_Event.h">
      <Filter>MatchServer\AsyncProxy</Filter>
    </ClInclude>
    <ClInclude Include="Include\MAsyncDBJob_FriendList.h">
      <Filter>MatchServer\AsyncProxy</Filter>
    </ClInclude>
    <ClInclude Include="MAsyncDBJob_GetAccountItemList.h">
      <Filter>MatchServer\AsyncProxy</Filter>
    </ClInclude>
    <ClInclude Include="Include\MAsyncDBJob_GetBRDescription.h">
      <Filter>MatchServer\AsyncProxy</Filter>
    </ClInclude>
    <ClInclude Include="Include\MAsyncDBJob_GetLoginInfo.h">
      <Filter>MatchServer\AsyncProxy</Filter>
    </ClInclude>
    <ClInclude Include="Include\MAsyncDBJob_InsertCharBRInfo.h">
      <Filter>MatchServer\AsyncProxy</Filter>
    </ClInclude>
    <ClInclude Include="Include\MAsyncDBJob_InsertConnLog.h">
      <Filter>MatchServer\AsyncProxy</Filter>
    </ClInclude>
    <ClInclude Include="Include\MAsyncDBJob_InsertGamePlayerLog.h">
      <Filter>MatchServer\AsyncProxy</Filter>
    </ClInclude>
    <ClInclude Include="Include\MAsyncDBJob_RewardCharBR.h">
      <Filter>MatchServer\AsyncProxy</Filter>
    </ClInclude>
    <ClInclude Include="Include\MAsyncDBJob_SurvivalMode.h">
      <Filter>MatchServer\AsyncProxy</Filter>
    </ClInclude>
    <ClInclude Include="Include\MAsyncDBJob_UpdateAccountLastLoginTime.h">
      <Filter>MatchServer\AsyncProxy</Filter>
    </ClInclude>
    <ClInclude Include="Include\MAsyncDBJob_UpdateCharBRInfo.h">
      <Filter>MatchServer\AsyncProxy</Filter>
    </ClInclude>
    <ClInclude Include="Include\MAsyncDBJob_UpdateCharInfoData.h">
      <Filter>MatchServer\AsyncProxy</Filter>
    </ClInclude>
    <ClInclude Include="Include\MAsyncDBJob_UpdateCharItemInfoData.h">
      <Filter>MatchServer\AsyncProxy</Filter>
    </ClInclude>
    <ClInclude Include="Include\MAsyncDBJob_UpdateClanGrade.h">
      <Filter>MatchServer\AsyncProxy</Filter>
    </ClInclude>
    <ClInclude Include="Include\MAsyncDBJob_WinTheClanGame.h">
      <Filter>MatchServer\AsyncProxy</Filter>
    </ClInclude>
    <ClInclude Include="Include\MAsyncProxy.h">
      <Filter>MatchServer\AsyncProxy</Filter>
    </ClInclude>
    <ClInclude Include="MMatchPowerLevelingConfig.h">
      <Filter>MatchServer\AsyncProxy</Filter>
    </ClInclude>
    <ClInclude Include="Include\MCommandCommunicator.h">
      <Filter>CommandCommunicator</Filter>
    </ClInclude>
    <ClInclude Include="Include\MXmlParser.h">
      <Filter>Util</Filter>
    </ClInclude>
    <ClInclude Include="Include\MBaseLocale.h">
      <Filter>Locate</Filter>
    </ClInclude>
    <ClInclude Include="Include\MLocaleDefine.h">
      <Filter>Locate</Filter>
    </ClInclude>
    <ClInclude Include="Include\MMatchLocale.h">
      <Filter>Locate</Filter>
    </ClInclude>
    <ClInclude Include="Include\MNJ_DBAgentClient.h">
      <Filter>Locate</Filter>
    </ClInclude>
    <ClInclude Include="Include\MBaseStringResManager.h">
      <Filter>StringRes</Filter>
    </ClInclude>
    <ClInclude Include="Include\MErrorTable.h">
      <Filter>StringRes</Filter>
    </ClInclude>
    <ClInclude Include="Include\MMatchStringResManager.h">
      <Filter>StringRes</Filter>
    </ClInclude>
    <ClInclude Include="Include\MStringRes.h">
      <Filter>StringRes</Filter>
    </ClInclude>
    <ClInclude Include="HShield\HsCryptLib.h">
      <Filter>HShield</Filter>
    </ClInclude>
    <ClInclude Include="MConnectHistory.h">
      <Filter>Security</Filter>
    </ClInclude>
    <ClInclude Include="Include\MHackingCharList.h">
      <Filter>Security</Filter>
    </ClInclude>
    <ClInclude Include="Include\MHackingTypes.h">
      <Filter>Security</Filter>
    </ClInclude>
    <ClInclude Include="Include\MMatchCRC32XORCache.h">
      <Filter>Security</Filter>
    </ClInclude>
    <ClInclude Include="Include\TestCRC32XORCache.h">
      <Filter>Security\Test</Filter>
    </ClInclude>
    <ClInclude Include="MFeatureDefine.h" />
    <ClInclude Include="Include\MMatchDebug.h" />
    <ClInclude Include="Include\stdafx.h" />
    <ClInclude Include="Include\MMatchIgnoreInfo.h">
      <Filter>MatchServer\Server</Filter>
    </ClInclude>
    <ClInclude Include="Include\MAsyncDBJob_IgnoreList.h">
      <Filter>MatchServer\AsyncProxy</Filter>
    </ClInclude>
  </ItemGroup>
  <ItemGroup>
    <ClCompile Include="Source\MCommand.cpp">
      <Filter>Command</Filter>
    </ClCompile>
    <ClCompile Include="Source\MCommandBuilder.cpp">
      <Filter>Command</Filter>
    </ClCompile>
    <ClCompile Include="Source\MCommandManager.cpp">
      <Filter>Command</Filter>
    </ClCompile>
    <ClCompile Include="Source\MCommandParameter.cpp">
      <Filter>Command</Filter>
    </ClCompile>
    <ClCompile Include="Source\MCommandProfiler.cpp">
      <Filter>Command</Filter>
    </ClCompile>
    <ClCompile Include="Source\MGridMap.cpp">
      <Filter>Map</Filter>
    </ClCompile>
    <ClCompile Include="Source\MUID.cpp">
      <Filter>MUID</Filter>
    </ClCompile>
    <ClCompile Include="Source\MObject.cpp">
      <Filter>Object</Filter>
    </ClCompile>
    <ClCompile Include="Source\MSharedCommandTable.cpp">
      <Filter>SharedCommand</Filter>
    </ClCompile>
    <ClCompile Include="Source\MMaster.cpp">
      <Filter>Master</Filter>
    </ClCompile>
    <ClCompile Include="Source\MChattingFilter.cpp">
      <Filter>Client</Filter>
    </ClCompile>
    <ClCompile Include="Source\MClient.cpp">
      <Filter>Client</Filter>
    </ClCompile>
    <ClCompile Include="Source\MCustomClient.cpp">
      <Filter>Client</Filter>
    </ClCompile>
    <ClCompile Include="Source\MMatchClient.cpp">
      <Filter>Client</Filter>
    </ClCompile>
    <ClCompile Include="Source\MTCPSocket.cpp">
      <Filter>Client</Filter>
    </ClCompile>
    <ClCompile Include="Source\MServer.cpp">
      <Filter>Server</Filter>
    </ClCompile>
    <ClCompile Include="Source\RealCPNet.cpp">
      <Filter>IOCPNet</Filter>
    </ClCompile>
    <ClCompile Include="Source\MPacket.cpp">
      <Filter>Packet</Filter>
    </ClCompile>
    <ClCompile Include="Source\MPacketCrypter.cpp">
      <Filter>Packet</Filter>
    </ClCompile>
    <ClCompile Include="Source\MPacketHShieldCrypter.cpp">
      <Filter>Packet</Filter>
    </ClCompile>
    <ClCompile Include="Source\MLadderMgr.cpp">
      <Filter>MatchServer\Ladder</Filter>
    </ClCompile>
    <ClCompile Include="Source\MLadderPicker.cpp">
      <Filter>MatchServer\Ladder</Filter>
    </ClCompile>
    <ClCompile Include="Source\MLadderStatistics.cpp">
      <Filter>MatchServer\Ladder</Filter>
    </ClCompile>
    <ClCompile Include="Source\MTeamGameStrategy.cpp">
      <Filter>MatchServer\Ladder</Filter>
    </ClCompile>
    <ClCompile Include="Source\MBaseChannelRule.cpp">
      <Filter>MatchServer\Game</Filter>
    </ClCompile>
    <ClCompile Include="Source\MMatchActiveTrapMgr.cpp">
      <Filter>MatchServer\Game</Filter>
    </ClCompile>
    <ClCompile Include="Source\MMatchChannelRule.cpp">
      <Filter>MatchServer\Game</Filter>
    </ClCompile>
    <ClCompile Include="Source\MMatchFormula.cpp">
      <Filter>MatchServer\Game</Filter>
    </ClCompile>
    <ClCompile Include="Source\MMatchMap.cpp">
      <Filter>MatchServer\Game</Filter>
    </ClCompile>
    <ClCompile Include="Source\MMatchStage.cpp">
      <Filter>MatchServer\Game</Filter>
    </ClCompile>
    <ClCompile Include="Source\MMatchStageSetting.cpp">
      <Filter>MatchServer\Game</Filter>
    </ClCompile>
    <ClCompile Include="Source\MMatchWorldItem.cpp">
      <Filter>MatchServer\Game</Filter>
    </ClCompile>
    <ClCompile Include="Source\MMatchWorldItemDesc.cpp">
      <Filter>MatchServer\Game</Filter>
    </ClCompile>
    <ClCompile Include="Source\MMatchNPCObject.cpp">
      <Filter>MatchServer\Game\Quest</Filter>
    </ClCompile>
    <ClCompile Include="Source\MMatchQuest.cpp">
      <Filter>MatchServer\Game\Quest</Filter>
    </ClCompile>
    <ClCompile Include="Source\MMatchQuestGameLog.cpp">
      <Filter>MatchServer\Game\Quest</Filter>
    </ClCompile>
    <ClCompile Include="Source\MMatchQuestMonsterGroup.cpp">
      <Filter>MatchServer\Game\Quest</Filter>
    </ClCompile>
    <ClCompile Include="Source\MMatchQuestRound.cpp">
      <Filter>MatchServer\Game\Quest</Filter>
    </ClCompile>
    <ClCompile Include="Source\MMatchSurvivalGameLog.cpp">
      <Filter>MatchServer\Game\Quest</Filter>
    </ClCompile>
    <ClCompile Include="Source\MQuestDropTable.cpp">
      <Filter>MatchServer\Game\Quest</Filter>
    </ClCompile>
    <ClCompile Include="Source\MQuestFormula.cpp">
      <Filter>MatchServer\Game\Quest</Filter>
    </ClCompile>
    <ClCompile Include="Source\MQuestItem.cpp">
      <Filter>MatchServer\Game\Quest</Filter>
    </ClCompile>
    <ClCompile Include="Source\MQuestLevel.cpp">
      <Filter>MatchServer\Game\Quest</Filter>
    </ClCompile>
    <ClCompile Include="Source\MQuestLevelGenerator.cpp">
      <Filter>MatchServer\Game\Quest</Filter>
    </ClCompile>
    <ClCompile Include="Source\MQuestNPCSpawnTrigger.cpp">
      <Filter>MatchServer\Game\Quest</Filter>
    </ClCompile>
    <ClCompile Include="Source\MQuestPlayer.cpp">
      <Filter>MatchServer\Game\Quest</Filter>
    </ClCompile>
    <ClCompile Include="Source\MSacrificeQItemTable.cpp">
      <Filter>MatchServer\Game\Quest</Filter>
    </ClCompile>
    <ClCompile Include="Source\MSurvivalRankInfo.cpp">
      <Filter>MatchServer\Game\Quest</Filter>
    </ClCompile>
    <ClCompile Include="Source\MBaseQuest.cpp">
      <Filter>MatchServer\Game\Quest\Base</Filter>
    </ClCompile>
    <ClCompile Include="Source\MQuestMap.cpp">
      <Filter>MatchServer\Game\Quest\Base</Filter>
    </ClCompile>
    <ClCompile Include="Source\MQuestNPC.cpp">
      <Filter>MatchServer\Game\Quest\Base</Filter>
    </ClCompile>
    <ClCompile Include="Source\MQuestScenario.cpp">
      <Filter>MatchServer\Game\Quest\Base</Filter>
    </ClCompile>
    <ClCompile Include="Source\MSurvivalMap.cpp">
      <Filter>MatchServer\Game\Quest\Base</Filter>
    </ClCompile>
    <ClCompile Include="Source\MBaseGameType.cpp">
      <Filter>MatchServer\Game\GameType</Filter>
    </ClCompile>
    <ClCompile Include="Source\MMatchGameType.cpp">
      <Filter>MatchServer\Game\GameType</Filter>
    </ClCompile>
    <ClCompile Include="Source\MMatchRule.cpp">
      <Filter>MatchServer\Game\GameType</Filter>
    </ClCompile>
    <ClCompile Include="Source\MMatchRuleAssassinate.cpp">
      <Filter>MatchServer\Game\GameType</Filter>
    </ClCompile>
    <ClCompile Include="Source\MMatchRuleBerserker.cpp">
      <Filter>MatchServer\Game\GameType</Filter>
    </ClCompile>
    <ClCompile Include="Source\MMatchRuleDeathMatch.cpp">
      <Filter>MatchServer\Game\GameType</Filter>
    </ClCompile>
    <ClCompile Include="Source\MMatchRuleDuel.cpp">
      <Filter>MatchServer\Game\GameType</Filter>
    </ClCompile>
    <ClCompile Include="Source\MMatchRuleGladiator.cpp">
      <Filter>MatchServer\Game\GameType</Filter>
    </ClCompile>
    <ClCompile Include="Source\MMatchRuleTraining.cpp">
      <Filter>MatchServer\Game\GameType</Filter>
    </ClCompile>
    <ClCompile Include="Source\MMatchRuleBaseQuest.cpp">
      <Filter>MatchServer\Game\GameType\QuestGameType</Filter>
    </ClCompile>
    <ClCompile Include="Source\MMatchRuleQuest.cpp">
      <Filter>MatchServer\Game\GameType\QuestGameType</Filter>
    </ClCompile>
    <ClCompile Include="Source\MMatchRuleSurvival.cpp">
      <Filter>MatchServer\Game\GameType\QuestGameType</Filter>
    </ClCompile>
    <ClCompile Include="Source\MMatchDuelTournamentMgr.cpp">
      <Filter>MatchServer\Game\Duel Tournament\GameManager</Filter>
    </ClCompile>
    <ClCompile Include="Source\MDuelTournamentMatchMaker.cpp">
      <Filter>MatchServer\Game\Duel Tournament\GameManager\MatchMaker</Filter>
    </ClCompile>
    <ClCompile Include="Source\MDuelTournamentTicketPicker.cpp">
      <Filter>MatchServer\Game\Duel Tournament\GameManager\MatchMaker</Filter>
    </ClCompile>
    <ClCompile Include="Source\MDuelTournamentTimeChecker.cpp">
      <Filter>MatchServer\Game\Duel Tournament\GameManager\TimeChecker</Filter>
    </ClCompile>
    <ClCompile Include="Source\MMatchRuleDuelTournament.cpp">
      <Filter>MatchServer\Game\Duel Tournament\GameRule</Filter>
    </ClCompile>
    <ClCompile Include="Source\MDuelTournamentFormula.cpp">
      <Filter>MatchServer\Game\Duel Tournament\GameRule\Formula</Filter>
    </ClCompile>
    <ClCompile Include="Source\MAgentObject.cpp">
      <Filter>MatchServer\Object</Filter>
    </ClCompile>
    <ClCompile Include="Source\MMatchAntiHack.cpp">
      <Filter>MatchServer\Object</Filter>
    </ClCompile>
    <ClCompile Include="Source\MMatchHShield.cpp">
      <Filter>MatchServer\Object</Filter>
    </ClCompile>
    <ClCompile Include="Source\MMatchObjCache.cpp">
      <Filter>MatchServer\Object</Filter>
    </ClCompile>
    <ClCompile Include="Source\MMatchObject.cpp">
      <Filter>MatchServer\Object</Filter>
    </ClCompile>
    <ClCompile Include="Source\MMatchObjectCharBuffInfo.cpp">
      <Filter>MatchServer\Object</Filter>
    </ClCompile>
    <ClCompile Include="MMatchObjectCommandHistory.cpp">
      <Filter>MatchServer\Object</Filter>
    </ClCompile>
    <ClCompile Include="Source\MMatchItem.cpp">
      <Filter>MatchServer\Object\Item</Filter>
    </ClCompile>
    <ClCompile Include="Source\MMatchItemFunction.cpp">
      <Filter>MatchServer\Object\Item</Filter>
    </ClCompile>
    <ClCompile Include="Source\MMatchDBGambleItem.cpp">
      <Filter>MatchServer\Object\Item\GambleItem</Filter>
    </ClCompile>
    <ClCompile Include="Source\MMatchGambleItem.cpp">
      <Filter>MatchServer\Object\Item\GambleItem</Filter>
    </ClCompile>
    <ClCompile Include="Source\MMatchGambleMachine.cpp">
      <Filter>MatchServer\Object\Item\GambleItem</Filter>
    </ClCompile>
    <ClCompile Include="Source\MMatchBuff.cpp">
      <Filter>MatchServer\Object\Item\Buff</Filter>
    </ClCompile>
    <ClCompile Include="Source\MMatchBuffSummary.cpp">
      <Filter>MatchServer\Object\Item\Buff</Filter>
    </ClCompile>
    <ClCompile Include="Source\MMatchAccountPenaltyInfo.cpp">
      <Filter>MatchServer\Object\PenaltyInfo</Filter>
    </ClCompile>
    <ClCompile Include="Source\MMatchBRMachine.cpp">
      <Filter>MatchServer\Object\BattleTimeReward</Filter>
    </ClCompile>
    <ClCompile Include="Source\MMatchCharBRInfo.cpp">
      <Filter>MatchServer\Object\BattleTimeReward</Filter>
    </ClCompile>
    <ClCompile Include="Source\MMatchDBMgr.cpp">
      <Filter>MatchServer\DB</Filter>
    </ClCompile>
    <ClCompile Include="Source\MMatchDBMgr_AccountItem.cpp">
      <Filter>MatchServer\DB</Filter>
    </ClCompile>
    <ClCompile Include="Source\MMatchDBFilter.cpp">
      <Filter>MatchServer\DB\Filter</Filter>
    </ClCompile>
    <ClCompile Include="Source\MMatchAdmin.cpp">
      <Filter>MatchServer\Server</Filter>
    </ClCompile>
    <ClCompile Include="Source\MMatchChannel.cpp">
      <Filter>MatchServer\Server</Filter>
    </ClCompile>
    <ClCompile Include="Source\MMatchChatRoom.cpp">
      <Filter>MatchServer\Server</Filter>
    </ClCompile>
    <ClCompile Include="Source\MMatchCheckLoopTime.cpp">
      <Filter>MatchServer\Server</Filter>
    </ClCompile>
    <ClCompile Include="Source\MMatchClan.cpp">
      <Filter>MatchServer\Server</Filter>
    </ClCompile>
    <ClCompile Include="Source\MMatchFriendInfo.cpp">
      <Filter>MatchServer\Server</Filter>
    </ClCompile>
    <ClCompile Include="Source\MMatchGlobal.cpp">
      <Filter>MatchServer\Server</Filter>
    </ClCompile>
    <ClCompile Include="Source\MMatchNotify.cpp">
      <Filter>MatchServer\Server</Filter>
    </ClCompile>
    <ClCompile Include="Source\MMatchPremiumIPCache.cpp">
      <Filter>MatchServer\Server</Filter>
    </ClCompile>
    <ClCompile Include="Source\MMatchSchedule.cpp">
      <Filter>MatchServer\Server</Filter>
    </ClCompile>
    <ClCompile Include="Source\MMatchShop.cpp">
      <Filter>MatchServer\Server</Filter>
    </ClCompile>
    <ClCompile Include="Source\MMatchShutdown.cpp">
      <Filter>MatchServer\Server</Filter>
    </ClCompile>
    <ClCompile Include="Source\MMatchStatus.cpp">
      <Filter>MatchServer\Server</Filter>
    </ClCompile>
    <ClCompile Include="Source\MMatchTransDataType.cpp">
      <Filter>MatchServer\Server</Filter>
    </ClCompile>
    <ClCompile Include="Source\MMatchUtil.cpp">
      <Filter>MatchServer\Server</Filter>
    </ClCompile>
    <ClCompile Include="Source\MSmartRefreshImpl.cpp">
      <Filter>MatchServer\Server</Filter>
    </ClCompile>
    <ClCompile Include="Source\MVoteDiscussImpl.cpp">
      <Filter>MatchServer\Server</Filter>
    </ClCompile>
    <ClCompile Include="Source\MVoteMgr.cpp">
      <Filter>MatchServer\Server</Filter>
    </ClCompile>
    <ClCompile Include="Source\MMatchServer.cpp">
      <Filter>MatchServer\MMatchServer</Filter>
    </ClCompile>
    <ClCompile Include="Source\MMatchServer_Admin.cpp">
      <Filter>MatchServer\MMatchServer</Filter>
    </ClCompile>
    <ClCompile Include="Source\MMatchServer_Agent.cpp">
      <Filter>MatchServer\MMatchServer</Filter>
    </ClCompile>
    <ClCompile Include="MMatchServer_AntiHack.cpp">
      <Filter>MatchServer\MMatchServer</Filter>
    </ClCompile>
    <ClCompile Include="Source\MMatchServer_Async.cpp">
      <Filter>MatchServer\MMatchServer</Filter>
    </ClCompile>
    <ClCompile Include="Source\MMatchServer_Channel.cpp">
      <Filter>MatchServer\MMatchServer</Filter>
    </ClCompile>
    <ClCompile Include="Source\MMatchServer_Char.cpp">
      <Filter>MatchServer\MMatchServer</Filter>
    </ClCompile>
    <ClCompile Include="Source\MMatchServer_Clan.cpp">
      <Filter>MatchServer\MMatchServer</Filter>
    </ClCompile>
    <ClCompile Include="Source\MMatchServer_DuelTournament.cpp">
      <Filter>MatchServer\MMatchServer</Filter>
    </ClCompile>
    <ClCompile Include="Source\MMatchServer_Item.cpp">
      <Filter>MatchServer\MMatchServer</Filter>
    </ClCompile>
    <ClCompile Include="Source\MMatchServer_Ladder.cpp">
      <Filter>MatchServer\MMatchServer</Filter>
    </ClCompile>
    <ClCompile Include="Source\MMatchServer_Login.cpp">
      <Filter>MatchServer\MMatchServer</Filter>
    </ClCompile>
    <ClCompile Include="Source\MMatchServer_OnCommand.cpp">
      <Filter>MatchServer\MMatchServer</Filter>
    </ClCompile>
    <ClCompile Include="Source\MMatchServer_Quest.cpp">
      <Filter>MatchServer\MMatchServer</Filter>
    </ClCompile>
    <ClCompile Include="Source\MMatchServer_Stage.cpp">
      <Filter>MatchServer\MMatchServer</Filter>
    </ClCompile>
    <ClCompile Include="MMatchServer_Survival.cpp">
      <Filter>MatchServer\MMatchServer</Filter>
    </ClCompile>
    <ClCompile Include="Source\MMatchEvent.cpp">
      <Filter>MatchServer\Event</Filter>
    </ClCompile>
    <ClCompile Include="MMatchEventFactory.cpp">
      <Filter>MatchServer\Event</Filter>
    </ClCompile>
    <ClCompile Include="Source\MMatchEventManager.cpp">
      <Filter>MatchServer\Event</Filter>
    </ClCompile>
    <ClCompile Include="Source\MMatchConfig.cpp">
      <Filter>MatchServer\MMatchConfig</Filter>
    </ClCompile>
    <ClCompile Include="Source\MAsyncDBJob.cpp">
      <Filter>MatchServer\AsyncProxy</Filter>
    </ClCompile>
    <ClCompile Include="Source\MAsyncDBJob_BuyQuestItem.cpp">
      <Filter>MatchServer\AsyncProxy</Filter>
    </ClCompile>
    <ClCompile Include="Source\MAsyncDBJob_CharFinalize.cpp">
      <Filter>MatchServer\AsyncProxy</Filter>
    </ClCompile>
    <ClCompile Include="Source\MAsyncDBJob_CountryFilter.cpp">
      <Filter>MatchServer\AsyncProxy</Filter>
    </ClCompile>
    <ClCompile Include="Source\MAsyncDBJob_DuelTournament.cpp">
      <Filter>MatchServer\AsyncProxy</Filter>
    </ClCompile>
    <ClCompile Include="Source\MAsyncDBJob_Event.cpp">
      <Filter>MatchServer\AsyncProxy</Filter>
    </ClCompile>
    <ClCompile Include="Source\MAsyncDBJob_FriendList.cpp">
      <Filter>MatchServer\AsyncProxy</Filter>
    </ClCompile>
    <ClCompile Include="MAsyncDBJob_GetAccountItemList.cpp">
      <Filter>MatchServer\AsyncProxy</Filter>
    </ClCompile>
    <ClCompile Include="Source\MAsyncDBJob_GetBRDescription.cpp">
      <Filter>MatchServer\AsyncProxy</Filter>
    </ClCompile>
    <ClCompile Include="Source\MAsyncDBJob_GetLoginInfo.cpp">
      <Filter>MatchServer\AsyncProxy</Filter>
    </ClCompile>
    <ClCompile Include="Source\MAsyncDBJob_InsertCharBRInfo.cpp">
      <Filter>MatchServer\AsyncProxy</Filter>
    </ClCompile>
    <ClCompile Include="Source\MAsyncDBJob_InsertConnLog.cpp">
      <Filter>MatchServer\AsyncProxy</Filter>
    </ClCompile>
    <ClCompile Include="Source\MAsyncDBJob_InsertGamePlayerLog.cpp">
      <Filter>MatchServer\AsyncProxy</Filter>
    </ClCompile>
    <ClCompile Include="Source\MAsyncDBJob_RewardCharBR.cpp">
      <Filter>MatchServer\AsyncProxy</Filter>
    </ClCompile>
    <ClCompile Include="Source\MAsyncDBJob_SurvivalMode.cpp">
      <Filter>MatchServer\AsyncProxy</Filter>
    </ClCompile>
    <ClCompile Include="Source\MAsyncDBJob_UpdateCharBRInfo.cpp">
      <Filter>MatchServer\AsyncProxy</Filter>
    </ClCompile>
    <ClCompile Include="Source\MAsyncDBJob_UpdateCharInfoData.cpp">
      <Filter>MatchServer\AsyncProxy</Filter>
    </ClCompile>
    <ClCompile Include="Source\MAsyncDBJob_UpdateCharItemInfoData.cpp">
      <Filter>MatchServer\AsyncProxy</Filter>
    </ClCompile>
    <ClCompile Include="Source\MAsyncDBJob_WinTheClanGame.cpp">
      <Filter>MatchServer\AsyncProxy</Filter>
    </ClCompile>
    <ClCompile Include="Source\MAsyncProxy.cpp">
      <Filter>MatchServer\AsyncProxy</Filter>
    </ClCompile>
    <ClCompile Include="Source\MCommandCommunicator.cpp">
      <Filter>CommandCommunicator</Filter>
    </ClCompile>
    <ClCompile Include="Source\MXmlParser.cpp">
      <Filter>Util</Filter>
    </ClCompile>
    <ClCompile Include="Source\MBaseLocale.cpp">
      <Filter>Locate</Filter>
    </ClCompile>
    <ClCompile Include="Source\MMatchLocale.cpp">
      <Filter>Locate</Filter>
    </ClCompile>
    <ClCompile Include="Source\MNJ_DBAgentClient.cpp">
      <Filter>Locate</Filter>
    </ClCompile>
    <ClCompile Include="Source\MBaseStringResManager.cpp">
      <Filter>StringRes</Filter>
    </ClCompile>
    <ClCompile Include="Source\MMatchStringResManager.cpp">
      <Filter>StringRes</Filter>
    </ClCompile>
    <ClCompile Include="MConnectHistory.cpp">
      <Filter>Security</Filter>
    </ClCompile>
    <ClCompile Include="Source\MHackingTypes.cpp">
      <Filter>Security</Filter>
    </ClCompile>
    <ClCompile Include="Source\TestCRC32XORCache.cpp">
      <Filter>Security\Test</Filter>
    </ClCompile>
    <ClCompile Include="Source\MMatchDebug.cpp" />
    <ClCompile Include="Source\stdafx.cpp" />
    <ClCompile Include="Source\MMatchIgnoreInfo.cpp">
      <Filter>MatchServer\Server</Filter>
    </ClCompile>
    <ClCompile Include="Source\MAsyncDBJob_IgnoreList.cpp">
      <Filter>MatchServer\AsyncProxy</Filter>
    </ClCompile>
  </ItemGroup>
  <ItemGroup>
    <Library Include="HShield\HsCryptLib.lib">
      <Filter>HShield</Filter>
    </Library>
  </ItemGroup>
</Project>